Microsoft Visual Studio Solution File, Format Version 12.00
# Visual Studio 2012
Project("{FAE04EC0-301F-11D3-BF4B-00C04F79EFBC}") = "CoreCodeFor40", "CoreCodeFor40.csproj", "{216CA823-349F-4267-B6A1-0362B4BD48EE}"
EndProject
Global
	GlobalSection(SolutionConfigurationPlatforms) = preSolution
	Debug|Any CPU = Debug|Any CPU
	ExportDebug|Any CPU = ExportDebug|Any CPU
	ExportRelease|Any CPU = ExportRelease|Any CPU
	EndGlobalSection
	GlobalSection(ProjectConfigurationPlatforms) = postSolution
		{216CA823-349F-4267-B6A1-0362B4BD48EE}.Debug|Any CPU.ActiveCfg = Debug|Any CPU
		{216CA823-349F-4267-B6A1-0362B4BD48EE}.Debug|Any CPU.Build.0 = Debug|Any CPU
		{216CA823-349F-4267-B6A1-0362B4BD48EE}.ExportDebug|Any CPU.ActiveCfg = ExportDebug|Any CPU
		{216CA823-349F-4267-B6A1-0362B4BD48EE}.ExportDebug|Any CPU.Build.0 = ExportDebug|Any CPU
		{216CA823-349F-4267-B6A1-0362B4BD48EE}.ExportRelease|Any CPU.ActiveCfg = ExportRelease|Any CPU
		{216CA823-349F-4267-B6A1-0362B4BD48EE}.ExportRelease|Any CPU.Build.0 = ExportRelease|Any CPU
	EndGlobalSection
EndGlobal
